
Microsoft Visual Studio Solution File, Format Version 12.00
# Visual Studio Version 16
VisualStudioVersion = 16.0.29509.3
MinimumVisualStudioVersion = 10.0.40219.1
Project("{FAE04EC0-301F-11D3-BF4B-00C04F79EFBC}") = "HungryNow", "HungryNow\HungryNow.csproj", "{628C68F7-47AB-4676-8437-E5D41B094165}"
EndProject
Project("{FAE04EC0-301F-11D3-BF4B-00C04F79EFBC}") = "HungryNowTest", "HungryNowTest\HungryNowTest.csproj", "{EE867A30-5AB5-41B4-BAB1-0D19DBB21565}"
EndProject
Global
	GlobalSection(SolutionConfigurationPlatforms) = preSolution
		Debug|Any CPU = Debug|Any CPU
		Release|Any CPU = Release|Any CPU
	EndGlobalSection
	GlobalSection(ProjectConfigurationPlatforms) = postSolution
		{628C68F7-47AB-4676-8437-E5D41B094165}.Debug|Any CPU.ActiveCfg = Debug|Any CPU
		{628C68F7-47AB-4676-8437-E5D41B094165}.Debug|Any CPU.Build.0 = Debug|Any CPU
		{628C68F7-47AB-4676-8437-E5D41B094165}.Release|Any CPU.ActiveCfg = Release|Any CPU
		{628C68F7-47AB-4676-8437-E5D41B094165}.Release|Any CPU.Build.0 = Release|Any CPU
		{EE867A30-5AB5-41B4-BAB1-0D19DBB21565}.Debug|Any CPU.ActiveCfg = Debug|Any CPU
		{EE867A30-5AB5-41B4-BAB1-0D19DBB21565}.Debug|Any CPU.Build.0 = Debug|Any CPU
		{EE867A30-5AB5-41B4-BAB1-0D19DBB21565}.Release|Any CPU.ActiveCfg = Release|Any CPU
		{EE867A30-5AB5-41B4-BAB1-0D19DBB21565}.Release|Any CPU.Build.0 = Release|Any CPU
	EndGlobalSection
	GlobalSection(SolutionProperties) = preSolution
		HideSolutionNode = FALSE
	EndGlobalSection
	GlobalSection(ExtensibilityGlobals) = postSolution
		SolutionGuid = {20B5874B-51CE-4E6E-B839-ADD7A2779A65}
	EndGlobalSection
EndGlobal
